
Microsoft Visual Studio Solution File, Format Version 12.00
# Visual Studio Version 17
VisualStudioVersion = 17.4.33122.133
MinimumVisualStudioVersion = 10.0.40219.1
Project("{FAE04EC0-301F-11D3-BF4B-00C04F79EFBC}") = "WebTatilSitesi", "WebTatilSitesi\WebTatilSitesi.csproj", "{04063450-EF5C-4598-8CE4-EAFC3562BF75}"
EndProject
Global
	GlobalSection(SolutionConfigurationPlatforms) = preSolution
		Debug|Any CPU = Debug|Any CPU
		Release|Any CPU = Release|Any CPU
	EndGlobalSection
	GlobalSection(ProjectConfigurationPlatforms) = postSolution
		{04063450-EF5C-4598-8CE4-EAFC3562BF75}.Debug|Any CPU.ActiveCfg = Debug|Any CPU
		{04063450-EF5C-4598-8CE4-EAFC3562BF75}.Debug|Any CPU.Build.0 = Debug|Any CPU
		{04063450-EF5C-4598-8CE4-EAFC3562BF75}.Release|Any CPU.ActiveCfg = Release|Any CPU
		{04063450-EF5C-4598-8CE4-EAFC3562BF75}.Release|Any CPU.Build.0 = Release|Any CPU
	EndGlobalSection
	GlobalSection(SolutionProperties) = preSolution
		HideSolutionNode = FALSE
	EndGlobalSection
	GlobalSection(ExtensibilityGlobals) = postSolution
		SolutionGuid = {CBAF26E5-5CF1-40C4-BCF5-495BA56D3FE0}
	EndGlobalSection
EndGlobal
